
Microsoft Visual Studio Solution File, Format Version 12.00
# Visual Studio 15
VisualStudioVersion = 15.0.28010.2016
MinimumVisualStudioVersion = 10.0.40219.1
Project("{FAE04EC0-301F-11D3-BF4B-00C04F79EFBC}") = "WindowsFormsApp1", "WindowsFormsApp1\WindowsFormsApp1.csproj", "{98C37AE9-2C6A-4897-A6B9-F86B5A112CB9}"
EndProject
Global
	GlobalSection(SolutionConfigurationPlatforms) = preSolution
		Debug|Any CPU = Debug|Any CPU
		Release|Any CPU = Release|Any CPU
	EndGlobalSection
	GlobalSection(ProjectConfigurationPlatforms) = postSolution
		{98C37AE9-2C6A-4897-A6B9-F86B5A112CB9}.Debug|Any CPU.ActiveCfg = Debug|Any CPU
		{98C37AE9-2C6A-4897-A6B9-F86B5A112CB9}.Debug|Any CPU.Build.0 = Debug|Any CPU
		{98C37AE9-2C6A-4897-A6B9-F86B5A112CB9}.Release|Any CPU.ActiveCfg = Release|Any CPU
		{98C37AE9-2C6A-4897-A6B9-F86B5A112CB9}.Release|Any CPU.Build.0 = Release|Any CPU
	EndGlobalSection
	GlobalSection(SolutionProperties) = preSolution
		HideSolutionNode = FALSE
	EndGlobalSection
	GlobalSection(ExtensibilityGlobals) = postSolution
		SolutionGuid = {1A4E9246-4B64-45EF-94B8-D65222D6A3E1}
	EndGlobalSection
EndGlobal
